
Microsoft Visual Studio Solution File, Format Version 12.00
# Visual Studio Version 17
VisualStudioVersion = 17.4.33205.214
MinimumVisualStudioVersion = 10.0.40219.1
Project("{FAE04EC0-301F-11D3-BF4B-00C04F79EFBC}") = "MiddleWare Sample", "MiddleWare Sample\MiddleWare Sample.csproj", "{1119C768-5FC2-4847-9962-05E5564E436A}"
EndProject
Global
	GlobalSection(SolutionConfigurationPlatforms) = preSolution
		Debug|Any CPU = Debug|Any CPU
		Release|Any CPU = Release|Any CPU
	EndGlobalSection
	GlobalSection(ProjectConfigurationPlatforms) = postSolution
		{1119C768-5FC2-4847-9962-05E5564E436A}.Debug|Any CPU.ActiveCfg = Debug|Any CPU
		{1119C768-5FC2-4847-9962-05E5564E436A}.Debug|Any CPU.Build.0 = Debug|Any CPU
		{1119C768-5FC2-4847-9962-05E5564E436A}.Release|Any CPU.ActiveCfg = Release|Any CPU
		{1119C768-5FC2-4847-9962-05E5564E436A}.Release|Any CPU.Build.0 = Release|Any CPU
	EndGlobalSection
	GlobalSection(SolutionProperties) = preSolution
		HideSolutionNode = FALSE
	EndGlobalSection
	GlobalSection(ExtensibilityGlobals) = postSolution
		SolutionGuid = {41C6C174-9442-4699-9843-02407444F79B}
	EndGlobalSection
EndGlobal
